
Microsoft Visual Studio Solution File, Format Version 12.00
# Visual Studio Version 16
VisualStudioVersion = 16.0.32510.428
MinimumVisualStudioVersion = 10.0.40219.1
Project("{9A19103F-16F7-4668-BE54-9A1E7A4F7556}") = "WFA_Convertor", "WFA_Compression\WFA_Convertor.csproj", "{E790459E-C6B6-480D-97F5-3D99CB0BBE5E}"
EndProject
Project("{9A19103F-16F7-4668-BE54-9A1E7A4F7556}") = "WFA_Lib", "WFA_Lib\WFA_Lib.csproj", "{580F64D0-10C0-4B8E-9D00-7FEEA466C6F7}"
EndProject
Project("{54435603-DBB4-11D2-8724-00A0C9A8B90C}") = "Installer", "Installer\Installer.vdproj", "{467CC100-784B-4A44-9F0D-9042C1C00930}"
EndProject
Global
	GlobalSection(SolutionConfigurationPlatforms) = preSolution
		Debug|Any CPU = Debug|Any CPU
		Release|Any CPU = Release|Any CPU
	EndGlobalSection
	GlobalSection(ProjectConfigurationPlatforms) = postSolution
		{E790459E-C6B6-480D-97F5-3D99CB0BBE5E}.Debug|Any CPU.ActiveCfg = Debug|Any CPU
		{E790459E-C6B6-480D-97F5-3D99CB0BBE5E}.Debug|Any CPU.Build.0 = Debug|Any CPU
		{E790459E-C6B6-480D-97F5-3D99CB0BBE5E}.Release|Any CPU.ActiveCfg = Release|Any CPU
		{E790459E-C6B6-480D-97F5-3D99CB0BBE5E}.Release|Any CPU.Build.0 = Release|Any CPU
		{580F64D0-10C0-4B8E-9D00-7FEEA466C6F7}.Debug|Any CPU.ActiveCfg = Debug|Any CPU
		{580F64D0-10C0-4B8E-9D00-7FEEA466C6F7}.Debug|Any CPU.Build.0 = Debug|Any CPU
		{580F64D0-10C0-4B8E-9D00-7FEEA466C6F7}.Release|Any CPU.ActiveCfg = Release|Any CPU
		{580F64D0-10C0-4B8E-9D00-7FEEA466C6F7}.Release|Any CPU.Build.0 = Release|Any CPU
		{467CC100-784B-4A44-9F0D-9042C1C00930}.Debug|Any CPU.ActiveCfg = Debug
		{467CC100-784B-4A44-9F0D-9042C1C00930}.Release|Any CPU.ActiveCfg = Release
	EndGlobalSection
	GlobalSection(SolutionProperties) = preSolution
		HideSolutionNode = FALSE
	EndGlobalSection
	GlobalSection(ExtensibilityGlobals) = postSolution
		SolutionGuid = {43BC0AB5-CCB0-42D9-B6F4-4CE70AE7D8DB}
	EndGlobalSection
EndGlobal
